
Microsoft Visual Studio Solution File, Format Version 12.00
# Visual Studio Version 17
VisualStudioVersion = 17.14.36414.22
MinimumVisualStudioVersion = 10.0.40219.1
Project("{FAE04EC0-301F-11D3-BF4B-00C04F79EFBC}") = "BMI-Calculator-3", "BMI-Calculator-3\BMI-Calculator-3.csproj", "{406939C6-5CA0-4E68-BCB6-73E9FA16091C}"
EndProject
Project("{FAE04EC0-301F-11D3-BF4B-00C04F79EFBC}") = "GUI-Hangman-Game", "GUI-Hangman-Game\GUI-Hangman-Game.csproj", "{8FCC7717-64DF-442F-AA32-16CA5A218F94}"
EndProject
Project("{FAE04EC0-301F-11D3-BF4B-00C04F79EFBC}") = "Personal-Library-Manager-Program", "Personal-Library-Manager-Program\Personal-Library-Manager-Program.csproj", "{E89BFCA5-77A3-4476-9EFD-51C27C49E201}"
EndProject
Project("{FAE04EC0-301F-11D3-BF4B-00C04F79EFBC}") = "Textbook-Problem-13-1", "Textbook-Problem-13-1\Textbook-Problem-13-1.csproj", "{023191DF-9413-4757-A610-D29278568443}"
EndProject
Global
	GlobalSection(SolutionConfigurationPlatforms) = preSolution
		Debug|Any CPU = Debug|Any CPU
		Release|Any CPU = Release|Any CPU
	EndGlobalSection
	GlobalSection(ProjectConfigurationPlatforms) = postSolution
		{406939C6-5CA0-4E68-BCB6-73E9FA16091C}.Debug|Any CPU.ActiveCfg = Debug|Any CPU
		{406939C6-5CA0-4E68-BCB6-73E9FA16091C}.Debug|Any CPU.Build.0 = Debug|Any CPU
		{406939C6-5CA0-4E68-BCB6-73E9FA16091C}.Release|Any CPU.ActiveCfg = Release|Any CPU
		{406939C6-5CA0-4E68-BCB6-73E9FA16091C}.Release|Any CPU.Build.0 = Release|Any CPU
		{8FCC7717-64DF-442F-AA32-16CA5A218F94}.Debug|Any CPU.ActiveCfg = Debug|Any CPU
		{8FCC7717-64DF-442F-AA32-16CA5A218F94}.Debug|Any CPU.Build.0 = Debug|Any CPU
		{8FCC7717-64DF-442F-AA32-16CA5A218F94}.Release|Any CPU.ActiveCfg = Release|Any CPU
		{8FCC7717-64DF-442F-AA32-16CA5A218F94}.Release|Any CPU.Build.0 = Release|Any CPU
		{E89BFCA5-77A3-4476-9EFD-51C27C49E201}.Debug|Any CPU.ActiveCfg = Debug|Any CPU
		{E89BFCA5-77A3-4476-9EFD-51C27C49E201}.Debug|Any CPU.Build.0 = Debug|Any CPU
		{E89BFCA5-77A3-4476-9EFD-51C27C49E201}.Release|Any CPU.ActiveCfg = Release|Any CPU
		{E89BFCA5-77A3-4476-9EFD-51C27C49E201}.Release|Any CPU.Build.0 = Release|Any CPU
		{023191DF-9413-4757-A610-D29278568443}.Debug|Any CPU.ActiveCfg = Debug|Any CPU
		{023191DF-9413-4757-A610-D29278568443}.Debug|Any CPU.Build.0 = Debug|Any CPU
		{023191DF-9413-4757-A610-D29278568443}.Release|Any CPU.ActiveCfg = Release|Any CPU
		{023191DF-9413-4757-A610-D29278568443}.Release|Any CPU.Build.0 = Release|Any CPU
	EndGlobalSection
	GlobalSection(SolutionProperties) = preSolution
		HideSolutionNode = FALSE
	EndGlobalSection
	GlobalSection(ExtensibilityGlobals) = postSolution
		SolutionGuid = {47347EFE-DF91-4689-9510-BDAE62F63343}
	EndGlobalSection
EndGlobal
